
Microsoft Visual Studio Solution File, Format Version 12.00
# Visual Studio Version 17
VisualStudioVersion = 17.10.35013.160
MinimumVisualStudioVersion = 10.0.40219.1
Project("{FAE04EC0-301F-11D3-BF4B-00C04F79EFBC}") = "SecKaliteDb", "SecKaliteDb.csproj", "{482C68F6-535A-4312-98B3-6092A5C79818}"
EndProject
Global
	GlobalSection(SolutionConfigurationPlatforms) = preSolution
		Debug|Any CPU = Debug|Any CPU
		Release|Any CPU = Release|Any CPU
	EndGlobalSection
	GlobalSection(ProjectConfigurationPlatforms) = postSolution
		{482C68F6-535A-4312-98B3-6092A5C79818}.Debug|Any CPU.ActiveCfg = Debug|Any CPU
		{482C68F6-535A-4312-98B3-6092A5C79818}.Debug|Any CPU.Build.0 = Debug|Any CPU
		{482C68F6-535A-4312-98B3-6092A5C79818}.Release|Any CPU.ActiveCfg = Release|Any CPU
		{482C68F6-535A-4312-98B3-6092A5C79818}.Release|Any CPU.Build.0 = Release|Any CPU
	EndGlobalSection
	GlobalSection(SolutionProperties) = preSolution
		HideSolutionNode = FALSE
	EndGlobalSection
	GlobalSection(ExtensibilityGlobals) = postSolution
		SolutionGuid = {C7C65680-AF31-4DA1-BA61-A5B069E5EA26}
	EndGlobalSection
EndGlobal
